
Microsoft Visual Studio Solution File, Format Version 12.00
# Visual Studio 15
VisualStudioVersion = 15.0.27703.2042
MinimumVisualStudioVersion = 10.0.40219.1
Project("{FAE04EC0-301F-11D3-BF4B-00C04F79EFBC}") = "Illimat", "Illimat\Illimat.csproj", "{FF72439A-5A91-4EA9-A42F-A6DF4181AA6D}"
EndProject
Global
	GlobalSection(SolutionConfigurationPlatforms) = preSolution
		Debug|Any CPU = Debug|Any CPU
		Release|Any CPU = Release|Any CPU
	EndGlobalSection
	GlobalSection(ProjectConfigurationPlatforms) = postSolution
		{FF72439A-5A91-4EA9-A42F-A6DF4181AA6D}.Debug|Any CPU.ActiveCfg = Debug|Any CPU
		{FF72439A-5A91-4EA9-A42F-A6DF4181AA6D}.Debug|Any CPU.Build.0 = Debug|Any CPU
		{FF72439A-5A91-4EA9-A42F-A6DF4181AA6D}.Release|Any CPU.ActiveCfg = Release|Any CPU
		{FF72439A-5A91-4EA9-A42F-A6DF4181AA6D}.Release|Any CPU.Build.0 = Release|Any CPU
	EndGlobalSection
	GlobalSection(SolutionProperties) = preSolution
		HideSolutionNode = FALSE
	EndGlobalSection
	GlobalSection(ExtensibilityGlobals) = postSolution
		SolutionGuid = {6EDC89A7-1073-4A88-A8A0-D06B0E7C1F7E}
	EndGlobalSection
EndGlobal
